// !$*UTF8*$!
{
	archiveVersion = 1;
	classes = {
	};
	objectVersion = 50;
	objects = {

/* Begin PBXBuildFile section */
		621160F4246BD6F100C3D8D6 /* NewPaperViewController.swift in Sources */ = {isa = PBXBuildFile; fileRef = 621160F3246BD6F100C3D8D6 /* NewPaperViewController.swift */; };
		6241B6A624727B4400F1AD6C /* AddOccuranceCollectionViewCell.swift in Sources */ = {isa = PBXBuildFile; fileRef = 6241B6A524727B4400F1AD6C /* AddOccuranceCollectionViewCell.swift */; };
		6251B1B2246D239B00D560CF /* PapersTableViewCell.swift in Sources */ = {isa = PBXBuildFile; fileRef = 6251B1B1246D239B00D560CF /* PapersTableViewCell.swift */; };
		6251B1B4246D29CF00D560CF /* CoreDataContext.swift in Sources */ = {isa = PBXBuildFile; fileRef = 6251B1B3246D29CF00D560CF /* CoreDataContext.swift */; };
		6251C08C2466194A008F19C1 /* AppDelegate.swift in Sources */ = {isa = PBXBuildFile; fileRef = 6251C08B2466194A008F19C1 /* AppDelegate.swift */; };
		6251C08E2466194A008F19C1 /* SceneDelegate.swift in Sources */ = {isa = PBXBuildFile; fileRef = 6251C08D2466194A008F19C1 /* SceneDelegate.swift */; };
		6251C0902466194A008F19C1 /* ViewController.swift in Sources */ = {isa = PBXBuildFile; fileRef = 6251C08F2466194A008F19C1 /* ViewController.swift */; };
		6251C0932466194A008F19C1 /* Main.storyboard in Resources */ = {isa = PBXBuildFile; fileRef = 6251C0912466194A008F19C1 /* Main.storyboard */; };
		6251C0952466194F008F19C1 /* Assets.xcassets in Resources */ = {isa = PBXBuildFile; fileRef = 6251C0942466194F008F19C1 /* Assets.xcassets */; };
		6251C0982466194F008F19C1 /* LaunchScreen.storyboard in Resources */ = {isa = PBXBuildFile; fileRef = 6251C0962466194F008F19C1 /* LaunchScreen.storyboard */; };
		6251C0A22466404A008F19C1 /* 1stCollectionViewCell.swift in Sources */ = {isa = PBXBuildFile; fileRef = 6251C0A12466404A008F19C1 /* 1stCollectionViewCell.swift */; };
		6251C0A624664205008F19C1 /* LectureCollectionViewCell.swift in Sources */ = {isa = PBXBuildFile; fileRef = 6251C0A524664205008F19C1 /* LectureCollectionViewCell.swift */; };
		6251C0A8246647EB008F19C1 /* Protocols.swift in Sources */ = {isa = PBXBuildFile; fileRef = 6251C0A7246647EB008F19C1 /* Protocols.swift */; };
		626B734A24726A7F004BD607 /* AddNewOccuranceTableViewCell.swift in Sources */ = {isa = PBXBuildFile; fileRef = 626B734924726A7F004BD607 /* AddNewOccuranceTableViewCell.swift */; };
		626B734C24726AA3004BD607 /* PaperOccuranceCellTableViewCell.swift in Sources */ = {isa = PBXBuildFile; fileRef = 626B734B24726AA3004BD607 /* PaperOccuranceCellTableViewCell.swift */; };
		626B734E247271D7004BD607 /* NewOccuranceViewController.swift in Sources */ = {isa = PBXBuildFile; fileRef = 626B734D247271D7004BD607 /* NewOccuranceViewController.swift */; };
		626B7351247273B3004BD607 /* UniSelectionOptions.json in Resources */ = {isa = PBXBuildFile; fileRef = 626B7350247273B3004BD607 /* UniSelectionOptions.json */; };
		626B735324727636004BD607 /* Constants.swift in Sources */ = {isa = PBXBuildFile; fileRef = 626B735224727636004BD607 /* Constants.swift */; };
		6271A4AD2466838400118B8A /* Model.xcdatamodeld in Sources */ = {isa = PBXBuildFile; fileRef = 6271A4AB2466838400118B8A /* Model.xcdatamodeld */; };
		6271A4AF2466870E00118B8A /* PapersViewController.swift in Sources */ = {isa = PBXBuildFile; fileRef = 6271A4AE2466870E00118B8A /* PapersViewController.swift */; };
		629BA54A2475170100770EA7 /* SelectionMenuLayout.swift in Sources */ = {isa = PBXBuildFile; fileRef = 629BA5492475170100770EA7 /* SelectionMenuLayout.swift */; };
		62BA9C2E24B06AA000DC05B6 /* OccuranceTableViewCell.swift in Sources */ = {isa = PBXBuildFile; fileRef = 62BA9C2D24B06AA000DC05B6 /* OccuranceTableViewCell.swift */; };
		62F3E8AD24AFD9C0007A3269 /* Cabin-Bold.ttf in Resources */ = {isa = PBXBuildFile; fileRef = 62F3E89E24AFD9AA007A3269 /* Cabin-Bold.ttf */; };
		62F3E8AE24AFD9C0007A3269 /* Cabin-BoldItalic.ttf in Resources */ = {isa = PBXBuildFile; fileRef = 62F3E89F24AFD9AA007A3269 /* Cabin-BoldItalic.ttf */; };
		62F3E8AF24AFD9C0007A3269 /* Cabin-Italic.ttf in Resources */ = {isa = PBXBuildFile; fileRef = 62F3E8A324AFD9AB007A3269 /* Cabin-Italic.ttf */; };
		62F3E8B024AFD9C0007A3269 /* Cabin-Medium.ttf in Resources */ = {isa = PBXBuildFile; fileRef = 62F3E8A024AFD9AA007A3269 /* Cabin-Medium.ttf */; };
		62F3E8B124AFD9C0007A3269 /* Cabin-MediumItalic.ttf in Resources */ = {isa = PBXBuildFile; fileRef = 62F3E89D24AFD9AA007A3269 /* Cabin-MediumItalic.ttf */; };
		62F3E8B224AFD9C0007A3269 /* Cabin-Regular.ttf in Resources */ = {isa = PBXBuildFile; fileRef = 62F3E8A124AFD9AB007A3269 /* Cabin-Regular.ttf */; };
		62F3E8B324AFD9C0007A3269 /* Cabin-SemiBold.ttf in Resources */ = {isa = PBXBuildFile; fileRef = 62F3E8A424AFD9AB007A3269 /* Cabin-SemiBold.ttf */; };
		62F3E8B424AFD9C0007A3269 /* Cabin-SemiBoldItalic.ttf in Resources */ = {isa = PBXBuildFile; fileRef = 62F3E8A224AFD9AB007A3269 /* Cabin-SemiBoldItalic.ttf */; };
/* End PBXBuildFile section */

/* Begin PBXFileReference section */
		621160F3246BD6F100C3D8D6 /* NewPaperViewController.swift */ = {isa = PBXFileReference; lastKnownFileType = sourcecode.swift; path = NewPaperViewController.swift; sourceTree = "<group>"; };
		6241B6A524727B4400F1AD6C /* AddOccuranceCollectionViewCell.swift */ = {isa = PBXFileReference; lastKnownFileType = sourcecode.swift; path = AddOccuranceCollectionViewCell.swift; sourceTree = "<group>"; };
		6251B1B1246D239B00D560CF /* PapersTableViewCell.swift */ = {isa = PBXFileReference; lastKnownFileType = sourcecode.swift; path = PapersTableViewCell.swift; sourceTree = "<group>"; };
		6251B1B3246D29CF00D560CF /* CoreDataContext.swift */ = {isa = PBXFileReference; lastKnownFileType = sourcecode.swift; path = CoreDataContext.swift; sourceTree = "<group>"; };
		6251C0882466194A008F19C1 /* LessonPlan.app */ = {isa = PBXFileReference; explicitFileType = wrapper.application; includeInIndex = 0; path = LessonPlan.app; sourceTree = BUILT_PRODUCTS_DIR; };
		6251C08B2466194A008F19C1 /* AppDelegate.swift */ = {isa = PBXFileReference; lastKnownFileType = sourcecode.swift; path = AppDelegate.swift; sourceTree = "<group>"; };
		6251C08D2466194A008F19C1 /* SceneDelegate.swift */ = {isa = PBXFileReference; lastKnownFileType = sourcecode.swift; path = SceneDelegate.swift; sourceTree = "<group>"; };
		6251C08F2466194A008F19C1 /* ViewController.swift */ = {isa = PBXFileReference; lastKnownFileType = sourcecode.swift; path = ViewController.swift; sourceTree = "<group>"; };
		6251C0922466194A008F19C1 /* Base */ = {isa = PBXFileReference; lastKnownFileType = file.storyboard; name = Base; path = Base.lproj/Main.storyboard; sourceTree = "<group>"; };
		6251C0942466194F008F19C1 /* Assets.xcassets */ = {isa = PBXFileReference; lastKnownFileType = folder.assetcatalog; path = Assets.xcassets; sourceTree = "<group>"; };
		6251C0972466194F008F19C1 /* Base */ = {isa = PBXFileReference; lastKnownFileType = file.storyboard; name = Base; path = Base.lproj/LaunchScreen.storyboard; sourceTree = "<group>"; };
		6251C0992466194F008F19C1 /* Info.plist */ = {isa = PBXFileReference; lastKnownFileType = text.plist.xml; path = Info.plist; sourceTree = "<group>"; };
		6251C0A12466404A008F19C1 /* 1stCollectionViewCell.swift */ = {isa = PBXFileReference; lastKnownFileType = sourcecode.swift; path = 1stCollectionViewCell.swift; sourceTree = "<group>"; };
		6251C0A524664205008F19C1 /* LectureCollectionViewCell.swift */ = {isa = PBXFileReference; lastKnownFileType = sourcecode.swift; path = LectureCollectionViewCell.swift; sourceTree = "<group>"; };
		6251C0A7246647EB008F19C1 /* Protocols.swift */ = {isa = PBXFileReference; lastKnownFileType = sourcecode.swift; path = Protocols.swift; sourceTree = "<group>"; };
		626B734924726A7F004BD607 /* AddNewOccuranceTableViewCell.swift */ = {isa = PBXFileReference; lastKnownFileType = sourcecode.swift; path = AddNewOccuranceTableViewCell.swift; sourceTree = "<group>"; };
		626B734B24726AA3004BD607 /* PaperOccuranceCellTableViewCell.swift */ = {isa = PBXFileReference; lastKnownFileType = sourcecode.swift; path = PaperOccuranceCellTableViewCell.swift; sourceTree = "<group>"; };
		626B734D247271D7004BD607 /* NewOccuranceViewController.swift */ = {isa = PBXFileReference; lastKnownFileType = sourcecode.swift; path = NewOccuranceViewController.swift; sourceTree = "<group>"; };
		626B7350247273B3004BD607 /* UniSelectionOptions.json */ = {isa = PBXFileReference; lastKnownFileType = text.json; path = UniSelectionOptions.json; sourceTree = "<group>"; };
		626B735224727636004BD607 /* Constants.swift */ = {isa = PBXFileReference; lastKnownFileType = sourcecode.swift; path = Constants.swift; sourceTree = "<group>"; };
		6271A4AC2466838400118B8A /* Model.xcdatamodel */ = {isa = PBXFileReference; lastKnownFileType = wrapper.xcdatamodel; path = Model.xcdatamodel; sourceTree = "<group>"; };
		6271A4AE2466870E00118B8A /* PapersViewController.swift */ = {isa = PBXFileReference; lastKnownFileType = sourcecode.swift; path = PapersViewController.swift; sourceTree = "<group>"; };
		629BA5492475170100770EA7 /* SelectionMenuLayout.swift */ = {isa = PBXFileReference; lastKnownFileType = sourcecode.swift; path = SelectionMenuLayout.swift; sourceTree = "<group>"; };
		62A2C1FC24AFC637000559F3 /* LessonPlan.entitlements */ = {isa = PBXFileReference; lastKnownFileType = text.plist.entitlements; path = LessonPlan.entitlements; sourceTree = "<group>"; };
		62BA9C2D24B06AA000DC05B6 /* OccuranceTableViewCell.swift */ = {isa = PBXFileReference; lastKnownFileType = sourcecode.swift; path = OccuranceTableViewCell.swift; sourceTree = "<group>"; };
		62F3E89D24AFD9AA007A3269 /* Cabin-MediumItalic.ttf */ = {isa = PBXFileReference; lastKnownFileType = file; path = "Cabin-MediumItalic.ttf"; sourceTree = "<group>"; };
		62F3E89E24AFD9AA007A3269 /* Cabin-Bold.ttf */ = {isa = PBXFileReference; lastKnownFileType = file; path = "Cabin-Bold.ttf"; sourceTree = "<group>"; };
		62F3E89F24AFD9AA007A3269 /* Cabin-BoldItalic.ttf */ = {isa = PBXFileReference; lastKnownFileType = file; path = "Cabin-BoldItalic.ttf"; sourceTree = "<group>"; };
		62F3E8A024AFD9AA007A3269 /* Cabin-Medium.ttf */ = {isa = PBXFileReference; lastKnownFileType = file; path = "Cabin-Medium.ttf"; sourceTree = "<group>"; };
		62F3E8A124AFD9AB007A3269 /* Cabin-Regular.ttf */ = {isa = PBXFileReference; lastKnownFileType = file; path = "Cabin-Regular.ttf"; sourceTree = "<group>"; };
		62F3E8A224AFD9AB007A3269 /* Cabin-SemiBoldItalic.ttf */ = {isa = PBXFileReference; lastKnownFileType = file; path = "Cabin-SemiBoldItalic.ttf"; sourceTree = "<group>"; };
		62F3E8A324AFD9AB007A3269 /* Cabin-Italic.ttf */ = {isa = PBXFileReference; lastKnownFileType = file; path = "Cabin-Italic.ttf"; sourceTree = "<group>"; };
		62F3E8A424AFD9AB007A3269 /* Cabin-SemiBold.ttf */ = {isa = PBXFileReference; lastKnownFileType = file; path = "Cabin-SemiBold.ttf"; sourceTree = "<group>"; };
/* End PBXFileReference section */

/* Begin PBXFrameworksBuildPhase section */
		6251C0852466194A008F19C1 /* Frameworks */ = {
			isa = PBXFrameworksBuildPhase;
			buildActionMask = 2147483647;
			files = (
			);
			runOnlyForDeploymentPostprocessing = 0;
		};
/* End PBXFrameworksBuildPhase section */

/* Begin PBXGroup section */
		02523C66C2A4E14CBEEF1227 /* Frameworks */ = {
			isa = PBXGroup;
			children = (
			);
			name = Frameworks;
			sourceTree = "<group>";
		};
		620C71E324766FE300C76DA2 /* Timetable */ = {
			isa = PBXGroup;
			children = (
				6251C08F2466194A008F19C1 /* ViewController.swift */,
				6251C0A12466404A008F19C1 /* 1stCollectionViewCell.swift */,
				6251C0A524664205008F19C1 /* LectureCollectionViewCell.swift */,
				62BA9C2D24B06AA000DC05B6 /* OccuranceTableViewCell.swift */,
			);
			path = Timetable;
			sourceTree = "<group>";
		};
		6251B1B0246D20B300D560CF /* PapersVC */ = {
			isa = PBXGroup;
			children = (
				629BA5492475170100770EA7 /* SelectionMenuLayout.swift */,
				626B734D247271D7004BD607 /* NewOccuranceViewController.swift */,
				6271A4AE2466870E00118B8A /* PapersViewController.swift */,
				621160F3246BD6F100C3D8D6 /* NewPaperViewController.swift */,
				6251B1B1246D239B00D560CF /* PapersTableViewCell.swift */,
				626B734924726A7F004BD607 /* AddNewOccuranceTableViewCell.swift */,
				626B734B24726AA3004BD607 /* PaperOccuranceCellTableViewCell.swift */,
				6241B6A524727B4400F1AD6C /* AddOccuranceCollectionViewCell.swift */,
			);
			path = PapersVC;
			sourceTree = "<group>";
		};
		6251C07F2466194A008F19C1 = {
			isa = PBXGroup;
			children = (
				6251C08A2466194A008F19C1 /* LessonPlan */,
				6251C0892466194A008F19C1 /* Products */,
				02523C66C2A4E14CBEEF1227 /* Frameworks */,
			);
			sourceTree = "<group>";
		};
		6251C0892466194A008F19C1 /* Products */ = {
			isa = PBXGroup;
			children = (
				6251C0882466194A008F19C1 /* LessonPlan.app */,
			);
			name = Products;
			sourceTree = "<group>";
		};
		6251C08A2466194A008F19C1 /* LessonPlan */ = {
			isa = PBXGroup;
			children = (
				62F3E89C24AFD996007A3269 /* Fonts */,
				62A2C1FC24AFC637000559F3 /* LessonPlan.entitlements */,
				620C71E324766FE300C76DA2 /* Timetable */,
				626B734F24727337004BD607 /* Supporting Files */,
				6251B1B0246D20B300D560CF /* PapersVC */,
				6251C08B2466194A008F19C1 /* AppDelegate.swift */,
				6271A4AB2466838400118B8A /* Model.xcdatamodeld */,
				6251C08D2466194A008F19C1 /* SceneDelegate.swift */,
				6251C0912466194A008F19C1 /* Main.storyboard */,
				6251C0942466194F008F19C1 /* Assets.xcassets */,
				6251C0962466194F008F19C1 /* LaunchScreen.storyboard */,
				6251C0992466194F008F19C1 /* Info.plist */,
			);
			path = LessonPlan;
			sourceTree = "<group>";
		};
		626B734F24727337004BD607 /* Supporting Files */ = {
			isa = PBXGroup;
			children = (
				626B7350247273B3004BD607 /* UniSelectionOptions.json */,
				626B735224727636004BD607 /* Constants.swift */,
				6251B1B3246D29CF00D560CF /* CoreDataContext.swift */,
				6251C0A7246647EB008F19C1 /* Protocols.swift */,
			);
			path = "Supporting Files";
			sourceTree = "<group>";
		};
		62F3E89C24AFD996007A3269 /* Fonts */ = {
			isa = PBXGroup;
			children = (
				62F3E89E24AFD9AA007A3269 /* Cabin-Bold.ttf */,
				62F3E89F24AFD9AA007A3269 /* Cabin-BoldItalic.ttf */,
				62F3E8A324AFD9AB007A3269 /* Cabin-Italic.ttf */,
				62F3E8A024AFD9AA007A3269 /* Cabin-Medium.ttf */,
				62F3E89D24AFD9AA007A3269 /* Cabin-MediumItalic.ttf */,
				62F3E8A124AFD9AB007A3269 /* Cabin-Regular.ttf */,
				62F3E8A424AFD9AB007A3269 /* Cabin-SemiBold.ttf */,
				62F3E8A224AFD9AB007A3269 /* Cabin-SemiBoldItalic.ttf */,
			);
			path = Fonts;
			sourceTree = "<group>";
		};
/* End PBXGroup section */

/* Begin PBXNativeTarget section */
		6251C0872466194A008F19C1 /* LessonPlan */ = {
			isa = PBXNativeTarget;
			buildConfigurationList = 6251C09C2466194F008F19C1 /* Build configuration list for PBXNativeTarget "LessonPlan" */;
			buildPhases = (
				6251C0842466194A008F19C1 /* Sources */,
				6251C0852466194A008F19C1 /* Frameworks */,
				6251C0862466194A008F19C1 /* Resources */,
			);
			buildRules = (
			);
			dependencies = (
			);
			name = LessonPlan;
			productName = CVTest1;
			productReference = 6251C0882466194A008F19C1 /* LessonPlan.app */;
			productType = "com.apple.product-type.application";
		};
/* End PBXNativeTarget section */

/* Begin PBXProject section */
		6251C0802466194A008F19C1 /* Project object */ = {
			isa = PBXProject;
			attributes = {
				LastSwiftUpdateCheck = 1140;
				LastUpgradeCheck = 1140;
				ORGANIZATIONNAME = "Tristan Brynildsen";
				TargetAttributes = {
					6251C0872466194A008F19C1 = {
						CreatedOnToolsVersion = 11.4.1;
					};
				};
			};
			buildConfigurationList = 6251C0832466194A008F19C1 /* Build configuration list for PBXProject "LessonPlan" */;
			compatibilityVersion = "Xcode 9.3";
			developmentRegion = en;
			hasScannedForEncodings = 0;
			knownRegions = (
				en,
				Base,
			);
			mainGroup = 6251C07F2466194A008F19C1;
			productRefGroup = 6251C0892466194A008F19C1 /* Products */;
			projectDirPath = "";
			projectRoot = "";
			targets = (
				6251C0872466194A008F19C1 /* LessonPlan */,
			);
		};
/* End PBXProject section */

/* Begin PBXResourcesBuildPhase section */
		6251C0862466194A008F19C1 /* Resources */ = {
			isa = PBXResourcesBuildPhase;
			buildActionMask = 2147483647;
			files = (
				6251C0982466194F008F19C1 /* LaunchScreen.storyboard in Resources */,
				62F3E8B124AFD9C0007A3269 /* Cabin-MediumItalic.ttf in Resources */,
				6251C0952466194F008F19C1 /* Assets.xcassets in Resources */,
				626B7351247273B3004BD607 /* UniSelectionOptions.json in Resources */,
				62F3E8AE24AFD9C0007A3269 /* Cabin-BoldItalic.ttf in Resources */,
				62F3E8B224AFD9C0007A3269 /* Cabin-Regular.ttf in Resources */,
				62F3E8B324AFD9C0007A3269 /* Cabin-SemiBold.ttf in Resources */,
				62F3E8B424AFD9C0007A3269 /* Cabin-SemiBoldItalic.ttf in Resources */,
				6251C0932466194A008F19C1 /* Main.storyboard in Resources */,
				62F3E8AD24AFD9C0007A3269 /* Cabin-Bold.ttf in Resources */,
				62F3E8AF24AFD9C0007A3269 /* Cabin-Italic.ttf in Resources */,
				62F3E8B024AFD9C0007A3269 /* Cabin-Medium.ttf in Resources */,
			);
			runOnlyForDeploymentPostprocessing = 0;
		};
/* End PBXResourcesBuildPhase section */

/* Begin PBXSourcesBuildPhase section */
		6251C0842466194A008F19C1 /* Sources */ = {
			isa = PBXSourcesBuildPhase;
			buildActionMask = 2147483647;
			files = (
				626B734E247271D7004BD607 /* NewOccuranceViewController.swift in Sources */,
				6251C0A22466404A008F19C1 /* 1stCollectionViewCell.swift in Sources */,
				6251C0A624664205008F19C1 /* LectureCollectionViewCell.swift in Sources */,
				626B734A24726A7F004BD607 /* AddNewOccuranceTableViewCell.swift in Sources */,
				621160F4246BD6F100C3D8D6 /* NewPaperViewController.swift in Sources */,
				6251C0902466194A008F19C1 /* ViewController.swift in Sources */,
				6241B6A624727B4400F1AD6C /* AddOccuranceCollectionViewCell.swift in Sources */,
				629BA54A2475170100770EA7 /* SelectionMenuLayout.swift in Sources */,
				6251B1B4246D29CF00D560CF /* CoreDataContext.swift in Sources */,
				626B735324727636004BD607 /* Constants.swift in Sources */,
				626B734C24726AA3004BD607 /* PaperOccuranceCellTableViewCell.swift in Sources */,
				6271A4AD2466838400118B8A /* Model.xcdatamodeld in Sources */,
				6251C08C2466194A008F19C1 /* AppDelegate.swift in Sources */,
				62BA9C2E24B06AA000DC05B6 /* OccuranceTableViewCell.swift in Sources */,
				6251B1B2246D239B00D560CF /* PapersTableViewCell.swift in Sources */,
				6251C08E2466194A008F19C1 /* SceneDelegate.swift in Sources */,
				6271A4AF2466870E00118B8A /* PapersViewController.swift in Sources */,
				6251C0A8246647EB008F19C1 /* Protocols.swift in Sources */,
			);
			runOnlyForDeploymentPostprocessing = 0;
		};
/* End PBXSourcesBuildPhase section */

/* Begin PBXVariantGroup section */
		6251C0912466194A008F19C1 /* Main.storyboard */ = {
			isa = PBXVariantGroup;
			children = (
				6251C0922466194A008F19C1 /* Base */,
			);
			name = Main.storyboard;
			sourceTree = "<group>";
		};
		6251C0962466194F008F19C1 /* LaunchScreen.storyboard */ = {
			isa = PBXVariantGroup;
			children = (
				6251C0972466194F008F19C1 /* Base */,
			);
			name = LaunchScreen.storyboard;
			sourceTree = "<group>";
		};
/* End PBXVariantGroup section */

/* Begin XCBuildConfiguration section */
		6251C09A2466194F008F19C1 /* Debug */ = {
			isa = XCBuildConfiguration;
			buildSettings = {
				ALWAYS_SEARCH_USER_PATHS = NO;
				CLANG_ANALYZER_NONNULL = YES;
				CLANG_ANALYZER_NUMBER_OBJECT_CONVERSION = YES_AGGRESSIVE;
				CLANG_CXX_LANGUAGE_STANDARD = "gnu++14";
				CLANG_CXX_LIBRARY = "libc++";
				CLANG_ENABLE_MODULES = YES;
				CLANG_ENABLE_OBJC_ARC = YES;
				CLANG_ENABLE_OBJC_WEAK = YES;
				CLANG_WARN_BLOCK_CAPTURE_AUTORELEASING = YES;
				CLANG_WARN_BOOL_CONVERSION = YES;
				CLANG_WARN_COMMA = YES;
				CLANG_WARN_CONSTANT_CONVERSION = YES;
				CLANG_WARN_DEPRECATED_OBJC_IMPLEMENTATIONS = YES;
				CLANG_WARN_DIRECT_OBJC_ISA_USAGE = YES_ERROR;
				CLANG_WARN_DOCUMENTATION_COMMENTS = YES;
				CLANG_WARN_EMPTY_BODY = YES;
				CLANG_WARN_ENUM_CONVERSION = YES;
				CLANG_WARN_INFINITE_RECURSION = YES;
				CLANG_WARN_INT_CONVERSION = YES;
				CLANG_WARN_NON_LITERAL_NULL_CONVERSION = YES;
				CLANG_WARN_OBJC_IMPLICIT_RETAIN_SELF = YES;
				CLANG_WARN_OBJC_LITERAL_CONVERSION = YES;
				CLANG_WARN_OBJC_ROOT_CLASS = YES_ERROR;
				CLANG_WARN_RANGE_LOOP_ANALYSIS = YES;
				CLANG_WARN_STRICT_PROTOTYPES = YES;
				CLANG_WARN_SUSPICIOUS_MOVE = YES;
				CLANG_WARN_UNGUARDED_AVAILABILITY = YES_AGGRESSIVE;
				CLANG_WARN_UNREACHABLE_CODE = YES;
				CLANG_WARN__DUPLICATE_METHOD_MATCH = YES;
				COPY_PHASE_STRIP = NO;
				DEBUG_INFORMATION_FORMAT = dwarf;
				ENABLE_STRICT_OBJC_MSGSEND = YES;
				ENABLE_TESTABILITY = YES;
				GCC_C_LANGUAGE_STANDARD = gnu11;
				GCC_DYNAMIC_NO_PIC = NO;
				GCC_NO_COMMON_BLOCKS = YES;
				GCC_OPTIMIZATION_LEVEL = 0;
				GCC_PREPROCESSOR_DEFINITIONS = (
					"DEBUG=1",
					"$(inherited)",
				);
				GCC_WARN_64_TO_32_BIT_CONVERSION = YES;
				GCC_WARN_ABOUT_RETURN_TYPE = YES_ERROR;
				GCC_WARN_UNDECLARED_SELECTOR = YES;
				GCC_WARN_UNINITIALIZED_AUTOS = YES_AGGRESSIVE;
				GCC_WARN_UNUSED_FUNCTION = YES;
				GCC_WARN_UNUSED_VARIABLE = YES;
				IPHONEOS_DEPLOYMENT_TARGET = 13.4;
				MTL_ENABLE_DEBUG_INFO = INCLUDE_SOURCE;
				MTL_FAST_MATH = YES;
				ONLY_ACTIVE_ARCH = YES;
				SDKROOT = iphoneos;
				SWIFT_ACTIVE_COMPILATION_CONDITIONS = DEBUG;
				SWIFT_OPTIMIZATION_LEVEL = "-Onone";
			};
			name = Debug;
		};
		6251C09B2466194F008F19C1 /* Release */ = {
			isa = XCBuildConfiguration;
			buildSettings = {
				ALWAYS_SEARCH_USER_PATHS = NO;
				CLANG_ANALYZER_NONNULL = YES;
				CLANG_ANALYZER_NUMBER_OBJECT_CONVERSION = YES_AGGRESSIVE;
				CLANG_CXX_LANGUAGE_STANDARD = "gnu++14";
				CLANG_CXX_LIBRARY = "libc++";
				CLANG_ENABLE_MODULES = YES;
				CLANG_ENABLE_OBJC_ARC = YES;
				CLANG_ENABLE_OBJC_WEAK = YES;
				CLANG_WARN_BLOCK_CAPTURE_AUTORELEASING = YES;
				CLANG_WARN_BOOL_CONVERSION = YES;
				CLANG_WARN_COMMA = YES;
				CLANG_WARN_CONSTANT_CONVERSION = YES;
				CLANG_WARN_DEPRECATED_OBJC_IMPLEMENTATIONS = YES;
				CLANG_WARN_DIRECT_OBJC_ISA_USAGE = YES_ERROR;
				CLANG_WARN_DOCUMENTATION_COMMENTS = YES;
				CLANG_WARN_EMPTY_BODY = YES;
				CLANG_WARN_ENUM_CONVERSION = YES;
				CLANG_WARN_INFINITE_RECURSION = YES;
				CLANG_WARN_INT_CONVERSION = YES;
				CLANG_WARN_NON_LITERAL_NULL_CONVERSION = YES;
				CLANG_WARN_OBJC_IMPLICIT_RETAIN_SELF = YES;
				CLANG_WARN_OBJC_LITERAL_CONVERSION = YES;
				CLANG_WARN_OBJC_ROOT_CLASS = YES_ERROR;
				CLANG_WARN_RANGE_LOOP_ANALYSIS = YES;
				CLANG_WARN_STRICT_PROTOTYPES = YES;
				CLANG_WARN_SUSPICIOUS_MOVE = YES;
				CLANG_WARN_UNGUARDED_AVAILABILITY = YES_AGGRESSIVE;
				CLANG_WARN_UNREACHABLE_CODE = YES;
				CLANG_WARN__DUPLICATE_METHOD_MATCH = YES;
				COPY_PHASE_STRIP = NO;
				DEBUG_INFORMATION_FORMAT = "dwarf-with-dsym";
				ENABLE_NS_ASSERTIONS = NO;
				ENABLE_STRICT_OBJC_MSGSEND = YES;
				GCC_C_LANGUAGE_STANDARD = gnu11;
				GCC_NO_COMMON_BLOCKS = YES;
				GCC_WARN_64_TO_32_BIT_CONVERSION = YES;
				GCC_WARN_ABOUT_RETURN_TYPE = YES_ERROR;
				GCC_WARN_UNDECLARED_SELECTOR = YES;
				GCC_WARN_UNINITIALIZED_AUTOS = YES_AGGRESSIVE;
				GCC_WARN_UNUSED_FUNCTION = YES;
				GCC_WARN_UNUSED_VARIABLE = YES;
				IPHONEOS_DEPLOYMENT_TARGET = 13.4;
				MTL_ENABLE_DEBUG_INFO = NO;
				MTL_FAST_MATH = YES;
				SDKROOT = iphoneos;
				SWIFT_COMPILATION_MODE = wholemodule;
				SWIFT_OPTIMIZATION_LEVEL = "-O";
				VALIDATE_PRODUCT = YES;
			};
			name = Release;
		};
		6251C09D2466194F008F19C1 /* Debug */ = {
			isa = XCBuildConfiguration;
			buildSettings = {
				ASSETCATALOG_COMPILER_APPICON_NAME = AppIcon;
				CODE_SIGN_ENTITLEMENTS = LessonPlan/LessonPlan.entitlements;
				CODE_SIGN_STYLE = Automatic;
				DEVELOPMENT_TEAM = 45DUXDUSA3;
				INFOPLIST_FILE = LessonPlan/Info.plist;
				LD_RUNPATH_SEARCH_PATHS = (
					"$(inherited)",
					"@executable_path/Frameworks",
				);
				PRODUCT_BUNDLE_IDENTIFIER = Tristan.LessonPlan;
				PRODUCT_NAME = LessonPlan;
				SUPPORTS_MACCATALYST = YES;
				SWIFT_VERSION = 5.0;
				TARGETED_DEVICE_FAMILY = "1,2";
			};
			name = Debug;
		};
		6251C09E2466194F008F19C1 /* Release */ = {
			isa = XCBuildConfiguration;
			buildSettings = {
				ASSETCATALOG_COMPILER_APPICON_NAME = AppIcon;
				CODE_SIGN_ENTITLEMENTS = LessonPlan/LessonPlan.entitlements;
				CODE_SIGN_STYLE = Automatic;
				DEVELOPMENT_TEAM = 45DUXDUSA3;
				INFOPLIST_FILE = LessonPlan/Info.plist;
				LD_RUNPATH_SEARCH_PATHS = (
					"$(inherited)",
					"@executable_path/Frameworks",
				);
				PRODUCT_BUNDLE_IDENTIFIER = Tristan.LessonPlan;
				PRODUCT_NAME = LessonPlan;
				SUPPORTS_MACCATALYST = YES;
				SWIFT_VERSION = 5.0;
				TARGETED_DEVICE_FAMILY = "1,2";
			};
			name = Release;
		};
/* End XCBuildConfiguration section */

/* Begin XCConfigurationList section */
		6251C0832466194A008F19C1 /* Build configuration list for PBXProject "LessonPlan" */ = {
			isa = XCConfigurationList;
			buildConfigurations = (
				6251C09A2466194F008F19C1 /* Debug */,
				6251C09B2466194F008F19C1 /* Release */,
			);
			defaultConfigurationIsVisible = 0;
			defaultConfigurationName = Release;
		};
		6251C09C2466194F008F19C1 /* Build configuration list for PBXNativeTarget "LessonPlan" */ = {
			isa = XCConfigurationList;
			buildConfigurations = (
				6251C09D2466194F008F19C1 /* Debug */,
				6251C09E2466194F008F19C1 /* Release */,
			);
			defaultConfigurationIsVisible = 0;
			defaultConfigurationName = Release;
		};
/* End XCConfigurationList section */

/* Begin XCVersionGroup section */
		6271A4AB2466838400118B8A /* Model.xcdatamodeld */ = {
			isa = XCVersionGroup;
			children = (
				6271A4AC2466838400118B8A /* Model.xcdatamodel */,
			);
			currentVersion = 6271A4AC2466838400118B8A /* Model.xcdatamodel */;
			path = Model.xcdatamodeld;
			sourceTree = "<group>";
			versionGroupType = wrapper.xcdatamodel;
		};
/* End XCVersionGroup section */
	};
	rootObject = 6251C0802466194A008F19C1 /* Project object */;
}
